{
  "nodes": {
    "nixpkgs": {
      "locked": {
        "lastModified": 1612312445,
        "narHash": "sha256-l8qdZFqwjAGzQrsO+jFqRJA7YnN3jMGe5LGXRMJfcPg=",
        "owner": "NixOS",
        "repo": "nixpkgs",
        "rev": "6b8fca6b5752c5c6038dc9349d0086cf2c49c567",
        "type": "github"
      },
      "original": {
        "id": "nixpkgs",
        "type": "indirect"
      }
    },
    "root": {
      "inputs": {
        "nixpkgs": "nixpkgs"
      }
    }
  },
  "root": "root",
  "version": 7
}
